// !$*UTF8*$!
{
	archiveVersion = 1;
	classes = {
	};
	objectVersion = 50;
	objects = {

/* Begin PBXBuildFile section */
		7EA9189322FC9F0F005A5E72 /* AppDelegate.swift in Sources */ = {isa = PBXBuildFile; fileRef = 7EA9189222FC9F0F005A5E72 /* AppDelegate.swift */; };
		7EA9189522FC9F0F005A5E72 /* ViewController.swift in Sources */ = {isa = PBXBuildFile; fileRef = 7EA9189422FC9F0F005A5E72 /* ViewController.swift */; };
		7EA9189822FC9F0F005A5E72 /* Main.storyboard in Resources */ = {isa = PBXBuildFile; fileRef = 7EA9189622FC9F0F005A5E72 /* Main.storyboard */; };
		7EA9189A22FC9F11005A5E72 /* Assets.xcassets in Resources */ = {isa = PBXBuildFile; fileRef = 7EA9189922FC9F11005A5E72 /* Assets.xcassets */; };
		7EA9189D22FC9F11005A5E72 /* LaunchScreen.storyboard in Resources */ = {isa = PBXBuildFile; fileRef = 7EA9189B22FC9F11005A5E72 /* LaunchScreen.storyboard */; };
		7EA918A822FC9F11005A5E72 /* Clean_iOSTests.swift in Sources */ = {isa = PBXBuildFile; fileRef = 7EA918A722FC9F11005A5E72 /* Clean_iOSTests.swift */; };
		7EA918B822FC9F7F005A5E72 /* Position.swift in Sources */ = {isa = PBXBuildFile; fileRef = 7EA918B522FC9F7F005A5E72 /* Position.swift */; };
		7EA918B922FC9F7F005A5E72 /* Company.swift in Sources */ = {isa = PBXBuildFile; fileRef = 7EA918B622FC9F7F005A5E72 /* Company.swift */; };
		7EA918BA22FC9F7F005A5E72 /* Member.swift in Sources */ = {isa = PBXBuildFile; fileRef = 7EA918B722FC9F7F005A5E72 /* Member.swift */; };
		7EA918BE22FCC676005A5E72 /* UseCaseProvider.swift in Sources */ = {isa = PBXBuildFile; fileRef = 7EA918BD22FCC676005A5E72 /* UseCaseProvider.swift */; };
		7EA918C022FCC6A2005A5E72 /* CompanyUseCase.swift in Sources */ = {isa = PBXBuildFile; fileRef = 7EA918BF22FCC6A2005A5E72 /* CompanyUseCase.swift */; };
		7EA918C522FCC7C9005A5E72 /* MemberUseCase.swift in Sources */ = {isa = PBXBuildFile; fileRef = 7EA918C422FCC7C9005A5E72 /* MemberUseCase.swift */; };
		7EA918CA22FCCF55005A5E72 /* CompanyService.swift in Sources */ = {isa = PBXBuildFile; fileRef = 7EA918C922FCCF55005A5E72 /* CompanyService.swift */; };
		7EA918CC22FCD13E005A5E72 /* MemberService.swift in Sources */ = {isa = PBXBuildFile; fileRef = 7EA918CB22FCD13E005A5E72 /* MemberService.swift */; };
		7EA918CE22FCD682005A5E72 /* DataProvider.swift in Sources */ = {isa = PBXBuildFile; fileRef = 7EA918CD22FCD682005A5E72 /* DataProvider.swift */; };
		7EA918D222FDB82C005A5E72 /* CompaniesViewController.swift in Sources */ = {isa = PBXBuildFile; fileRef = 7EA918D022FDB82C005A5E72 /* CompaniesViewController.swift */; };
		7EA918D322FDB82C005A5E72 /* CompaniesViewController.xib in Resources */ = {isa = PBXBuildFile; fileRef = 7EA918D122FDB82C005A5E72 /* CompaniesViewController.xib */; };
		7EA918D522FDE186005A5E72 /* CompaniesContracts.swift in Sources */ = {isa = PBXBuildFile; fileRef = 7EA918D422FDE186005A5E72 /* CompaniesContracts.swift */; };
		7EA918D722FDE1C2005A5E72 /* CompaniesPresenter.swift in Sources */ = {isa = PBXBuildFile; fileRef = 7EA918D622FDE1C2005A5E72 /* CompaniesPresenter.swift */; };
		7EA918DD2301B9FE005A5E72 /* MembersViewController.swift in Sources */ = {isa = PBXBuildFile; fileRef = 7EA918DB2301B9FE005A5E72 /* MembersViewController.swift */; };
		7EA918DE2301B9FE005A5E72 /* MembersViewController.xib in Resources */ = {isa = PBXBuildFile; fileRef = 7EA918DC2301B9FE005A5E72 /* MembersViewController.xib */; };
		7EA918E02301BA34005A5E72 /* MembersContracts.swift in Sources */ = {isa = PBXBuildFile; fileRef = 7EA918DF2301BA34005A5E72 /* MembersContracts.swift */; };
		7EA918E22301BA66005A5E72 /* MembersPresenter.swift in Sources */ = {isa = PBXBuildFile; fileRef = 7EA918E12301BA66005A5E72 /* MembersPresenter.swift */; };
		7EA918E62301C170005A5E72 /* AppConfig.swift in Sources */ = {isa = PBXBuildFile; fileRef = 7EA918E52301C170005A5E72 /* AppConfig.swift */; };
/* End PBXBuildFile section */

/* Begin PBXContainerItemProxy section */
		7EA918A422FC9F11005A5E72 /* PBXContainerItemProxy */ = {
			isa = PBXContainerItemProxy;
			containerPortal = 7EA9188722FC9F0F005A5E72 /* Project object */;
			proxyType = 1;
			remoteGlobalIDString = 7EA9188E22FC9F0F005A5E72;
			remoteInfo = "Clean-iOS";
		};
/* End PBXContainerItemProxy section */

/* Begin PBXFileReference section */
		7EA9188F22FC9F0F005A5E72 /* Clean-iOS.app */ = {isa = PBXFileReference; explicitFileType = wrapper.application; includeInIndex = 0; path = "Clean-iOS.app"; sourceTree = BUILT_PRODUCTS_DIR; };
		7EA9189222FC9F0F005A5E72 /* AppDelegate.swift */ = {isa = PBXFileReference; lastKnownFileType = sourcecode.swift; path = AppDelegate.swift; sourceTree = "<group>"; };
		7EA9189422FC9F0F005A5E72 /* ViewController.swift */ = {isa = PBXFileReference; lastKnownFileType = sourcecode.swift; path = ViewController.swift; sourceTree = "<group>"; };
		7EA9189722FC9F0F005A5E72 /* Base */ = {isa = PBXFileReference; lastKnownFileType = file.storyboard; name = Base; path = Base.lproj/Main.storyboard; sourceTree = "<group>"; };
		7EA9189922FC9F11005A5E72 /* Assets.xcassets */ = {isa = PBXFileReference; lastKnownFileType = folder.assetcatalog; path = Assets.xcassets; sourceTree = "<group>"; };
		7EA9189C22FC9F11005A5E72 /* Base */ = {isa = PBXFileReference; lastKnownFileType = file.storyboard; name = Base; path = Base.lproj/LaunchScreen.storyboard; sourceTree = "<group>"; };
		7EA9189E22FC9F11005A5E72 /* Info.plist */ = {isa = PBXFileReference; lastKnownFileType = text.plist.xml; path = Info.plist; sourceTree = "<group>"; };
		7EA918A322FC9F11005A5E72 /* Clean-iOSTests.xctest */ = {isa = PBXFileReference; explicitFileType = wrapper.cfbundle; includeInIndex = 0; path = "Clean-iOSTests.xctest"; sourceTree = BUILT_PRODUCTS_DIR; };
		7EA918A722FC9F11005A5E72 /* Clean_iOSTests.swift */ = {isa = PBXFileReference; lastKnownFileType = sourcecode.swift; path = Clean_iOSTests.swift; sourceTree = "<group>"; };
		7EA918A922FC9F11005A5E72 /* Info.plist */ = {isa = PBXFileReference; lastKnownFileType = text.plist.xml; path = Info.plist; sourceTree = "<group>"; };
		7EA918B522FC9F7F005A5E72 /* Position.swift */ = {isa = PBXFileReference; fileEncoding = 4; lastKnownFileType = sourcecode.swift; path = Position.swift; sourceTree = "<group>"; };
		7EA918B622FC9F7F005A5E72 /* Company.swift */ = {isa = PBXFileReference; fileEncoding = 4; lastKnownFileType = sourcecode.swift; path = Company.swift; sourceTree = "<group>"; };
		7EA918B722FC9F7F005A5E72 /* Member.swift */ = {isa = PBXFileReference; fileEncoding = 4; lastKnownFileType = sourcecode.swift; path = Member.swift; sourceTree = "<group>"; };
		7EA918BD22FCC676005A5E72 /* UseCaseProvider.swift */ = {isa = PBXFileReference; lastKnownFileType = sourcecode.swift; path = UseCaseProvider.swift; sourceTree = "<group>"; };
		7EA918BF22FCC6A2005A5E72 /* CompanyUseCase.swift */ = {isa = PBXFileReference; lastKnownFileType = sourcecode.swift; path = CompanyUseCase.swift; sourceTree = "<group>"; };
		7EA918C222FCC748005A5E72 /* RxSwift.framework */ = {isa = PBXFileReference; lastKnownFileType = wrapper.framework; name = RxSwift.framework; path = Carthage/Build/iOS/RxSwift.framework; sourceTree = "<group>"; };
		7EA918C422FCC7C9005A5E72 /* MemberUseCase.swift */ = {isa = PBXFileReference; lastKnownFileType = sourcecode.swift; path = MemberUseCase.swift; sourceTree = "<group>"; };
		7EA918C922FCCF55005A5E72 /* CompanyService.swift */ = {isa = PBXFileReference; lastKnownFileType = sourcecode.swift; path = CompanyService.swift; sourceTree = "<group>"; };
		7EA918CB22FCD13E005A5E72 /* MemberService.swift */ = {isa = PBXFileReference; lastKnownFileType = sourcecode.swift; path = MemberService.swift; sourceTree = "<group>"; };
		7EA918CD22FCD682005A5E72 /* DataProvider.swift */ = {isa = PBXFileReference; lastKnownFileType = sourcecode.swift; path = DataProvider.swift; sourceTree = "<group>"; };
		7EA918D022FDB82C005A5E72 /* CompaniesViewController.swift */ = {isa = PBXFileReference; lastKnownFileType = sourcecode.swift; path = CompaniesViewController.swift; sourceTree = "<group>"; };
		7EA918D122FDB82C005A5E72 /* CompaniesViewController.xib */ = {isa = PBXFileReference; lastKnownFileType = file.xib; path = CompaniesViewController.xib; sourceTree = "<group>"; };
		7EA918D422FDE186005A5E72 /* CompaniesContracts.swift */ = {isa = PBXFileReference; lastKnownFileType = sourcecode.swift; path = CompaniesContracts.swift; sourceTree = "<group>"; };
		7EA918D622FDE1C2005A5E72 /* CompaniesPresenter.swift */ = {isa = PBXFileReference; lastKnownFileType = sourcecode.swift; path = CompaniesPresenter.swift; sourceTree = "<group>"; };
		7EA918DB2301B9FE005A5E72 /* MembersViewController.swift */ = {isa = PBXFileReference; lastKnownFileType = sourcecode.swift; path = MembersViewController.swift; sourceTree = "<group>"; };
		7EA918DC2301B9FE005A5E72 /* MembersViewController.xib */ = {isa = PBXFileReference; lastKnownFileType = file.xib; path = MembersViewController.xib; sourceTree = "<group>"; };
		7EA918DF2301BA34005A5E72 /* MembersContracts.swift */ = {isa = PBXFileReference; lastKnownFileType = sourcecode.swift; path = MembersContracts.swift; sourceTree = "<group>"; };
		7EA918E12301BA66005A5E72 /* MembersPresenter.swift */ = {isa = PBXFileReference; lastKnownFileType = sourcecode.swift; path = MembersPresenter.swift; sourceTree = "<group>"; };
		7EA918E52301C170005A5E72 /* AppConfig.swift */ = {isa = PBXFileReference; lastKnownFileType = sourcecode.swift; path = AppConfig.swift; sourceTree = "<group>"; };
/* End PBXFileReference section */

/* Begin PBXFrameworksBuildPhase section */
		7EA9188C22FC9F0F005A5E72 /* Frameworks */ = {
			isa = PBXFrameworksBuildPhase;
			buildActionMask = 2147483647;
			files = (
			);
			runOnlyForDeploymentPostprocessing = 0;
		};
		7EA918A022FC9F11005A5E72 /* Frameworks */ = {
			isa = PBXFrameworksBuildPhase;
			buildActionMask = 2147483647;
			files = (
			);
			runOnlyForDeploymentPostprocessing = 0;
		};
/* End PBXFrameworksBuildPhase section */

/* Begin PBXGroup section */
		7EA9188622FC9F0F005A5E72 = {
			isa = PBXGroup;
			children = (
				7EA9189122FC9F0F005A5E72 /* Clean-iOS */,
				7EA918A622FC9F11005A5E72 /* Clean-iOSTests */,
				7EA9189022FC9F0F005A5E72 /* Products */,
				7EA918C122FCC747005A5E72 /* Frameworks */,
			);
			sourceTree = "<group>";
		};
		7EA9189022FC9F0F005A5E72 /* Products */ = {
			isa = PBXGroup;
			children = (
				7EA9188F22FC9F0F005A5E72 /* Clean-iOS.app */,
				7EA918A322FC9F11005A5E72 /* Clean-iOSTests.xctest */,
			);
			name = Products;
			sourceTree = "<group>";
		};
		7EA9189122FC9F0F005A5E72 /* Clean-iOS */ = {
			isa = PBXGroup;
			children = (
				7EA918C622FCCBFD005A5E72 /* Network */,
				7EA918B422FC9F62005A5E72 /* Data */,
				7EA918B322FC9F5B005A5E72 /* Domain */,
				7EA918B222FC9F42005A5E72 /* Presentation */,
				7EA918E52301C170005A5E72 /* AppConfig.swift */,
				7EA9189222FC9F0F005A5E72 /* AppDelegate.swift */,
				7EA9189422FC9F0F005A5E72 /* ViewController.swift */,
				7EA9189622FC9F0F005A5E72 /* Main.storyboard */,
				7EA9189922FC9F11005A5E72 /* Assets.xcassets */,
				7EA9189B22FC9F11005A5E72 /* LaunchScreen.storyboard */,
				7EA9189E22FC9F11005A5E72 /* Info.plist */,
			);
			path = "Clean-iOS";
			sourceTree = "<group>";
		};
		7EA918A622FC9F11005A5E72 /* Clean-iOSTests */ = {
			isa = PBXGroup;
			children = (
				7EA918A722FC9F11005A5E72 /* Clean_iOSTests.swift */,
				7EA918A922FC9F11005A5E72 /* Info.plist */,
			);
			path = "Clean-iOSTests";
			sourceTree = "<group>";
		};
		7EA918B222FC9F42005A5E72 /* Presentation */ = {
			isa = PBXGroup;
			children = (
				7EA918CF22FDB783005A5E72 /* CompaniesScene */,
				7EA918D92301B9D9005A5E72 /* MembersScene */,
			);
			path = Presentation;
			sourceTree = "<group>";
		};
		7EA918B322FC9F5B005A5E72 /* Domain */ = {
			isa = PBXGroup;
			children = (
				7EA918BD22FCC676005A5E72 /* UseCaseProvider.swift */,
				7EA918BC22FCC65F005A5E72 /* UseCase */,
				7EA918BB22FCB410005A5E72 /* Model */,
			);
			path = Domain;
			sourceTree = "<group>";
		};
		7EA918B422FC9F62005A5E72 /* Data */ = {
			isa = PBXGroup;
			children = (
				7EA918CD22FCD682005A5E72 /* DataProvider.swift */,
				7EA918C722FCCD41005A5E72 /* Repository */,
			);
			path = Data;
			sourceTree = "<group>";
		};
		7EA918BB22FCB410005A5E72 /* Model */ = {
			isa = PBXGroup;
			children = (
				7EA918B622FC9F7F005A5E72 /* Company.swift */,
				7EA918B722FC9F7F005A5E72 /* Member.swift */,
				7EA918B522FC9F7F005A5E72 /* Position.swift */,
			);
			path = Model;
			sourceTree = "<group>";
		};
		7EA918BC22FCC65F005A5E72 /* UseCase */ = {
			isa = PBXGroup;
			children = (
				7EA918BF22FCC6A2005A5E72 /* CompanyUseCase.swift */,
				7EA918C422FCC7C9005A5E72 /* MemberUseCase.swift */,
			);
			path = UseCase;
			sourceTree = "<group>";
		};
		7EA918C122FCC747005A5E72 /* Frameworks */ = {
			isa = PBXGroup;
			children = (
				7EA918C222FCC748005A5E72 /* RxSwift.framework */,
			);
			name = Frameworks;
			sourceTree = "<group>";
		};
		7EA918C622FCCBFD005A5E72 /* Network */ = {
			isa = PBXGroup;
			children = (
			);
			path = Network;
			sourceTree = "<group>";
		};
		7EA918C722FCCD41005A5E72 /* Repository */ = {
			isa = PBXGroup;
			children = (
				7EA918C922FCCF55005A5E72 /* CompanyService.swift */,
				7EA918CB22FCD13E005A5E72 /* MemberService.swift */,
			);
			path = Repository;
			sourceTree = "<group>";
		};
		7EA918CF22FDB783005A5E72 /* CompaniesScene */ = {
			isa = PBXGroup;
			children = (
				7EA918D822FDE1CA005A5E72 /* View */,
				7EA918D422FDE186005A5E72 /* CompaniesContracts.swift */,
				7EA918D622FDE1C2005A5E72 /* CompaniesPresenter.swift */,
			);
			path = CompaniesScene;
			sourceTree = "<group>";
		};
		7EA918D822FDE1CA005A5E72 /* View */ = {
			isa = PBXGroup;
			children = (
				7EA918D022FDB82C005A5E72 /* CompaniesViewController.swift */,
				7EA918D122FDB82C005A5E72 /* CompaniesViewController.xib */,
			);
			path = View;
			sourceTree = "<group>";
		};
		7EA918D92301B9D9005A5E72 /* MembersScene */ = {
			isa = PBXGroup;
			children = (
				7EA918DA2301B9EF005A5E72 /* View */,
				7EA918DF2301BA34005A5E72 /* MembersContracts.swift */,
				7EA918E12301BA66005A5E72 /* MembersPresenter.swift */,
			);
			path = MembersScene;
			sourceTree = "<group>";
		};
		7EA918DA2301B9EF005A5E72 /* View */ = {
			isa = PBXGroup;
			children = (
				7EA918DB2301B9FE005A5E72 /* MembersViewController.swift */,
				7EA918DC2301B9FE005A5E72 /* MembersViewController.xib */,
			);
			path = View;
			sourceTree = "<group>";
		};
/* End PBXGroup section */

/* Begin PBXNativeTarget section */
		7EA9188E22FC9F0F005A5E72 /* Clean-iOS */ = {
			isa = PBXNativeTarget;
			buildConfigurationList = 7EA918AC22FC9F11005A5E72 /* Build configuration list for PBXNativeTarget "Clean-iOS" */;
			buildPhases = (
				7EA9188B22FC9F0F005A5E72 /* Sources */,
				7EA9188C22FC9F0F005A5E72 /* Frameworks */,
				7EA9188D22FC9F0F005A5E72 /* Resources */,
			);
			buildRules = (
			);
			dependencies = (
			);
			name = "Clean-iOS";
			productName = "Clean-iOS";
			productReference = 7EA9188F22FC9F0F005A5E72 /* Clean-iOS.app */;
			productType = "com.apple.product-type.application";
		};
		7EA918A222FC9F11005A5E72 /* Clean-iOSTests */ = {
			isa = PBXNativeTarget;
			buildConfigurationList = 7EA918AF22FC9F11005A5E72 /* Build configuration list for PBXNativeTarget "Clean-iOSTests" */;
			buildPhases = (
				7EA9189F22FC9F11005A5E72 /* Sources */,
				7EA918A022FC9F11005A5E72 /* Frameworks */,
				7EA918A122FC9F11005A5E72 /* Resources */,
			);
			buildRules = (
			);
			dependencies = (
				7EA918A522FC9F11005A5E72 /* PBXTargetDependency */,
			);
			name = "Clean-iOSTests";
			productName = "Clean-iOSTests";
			productReference = 7EA918A322FC9F11005A5E72 /* Clean-iOSTests.xctest */;
			productType = "com.apple.product-type.bundle.unit-test";
		};
/* End PBXNativeTarget section */

/* Begin PBXProject section */
		7EA9188722FC9F0F005A5E72 /* Project object */ = {
			isa = PBXProject;
			attributes = {
				LastSwiftUpdateCheck = 1020;
				LastUpgradeCheck = 1020;
				ORGANIZATIONNAME = "Kevin Ignacio Delgado Jimenez";
				TargetAttributes = {
					7EA9188E22FC9F0F005A5E72 = {
						CreatedOnToolsVersion = 10.2.1;
					};
					7EA918A222FC9F11005A5E72 = {
						CreatedOnToolsVersion = 10.2.1;
						TestTargetID = 7EA9188E22FC9F0F005A5E72;
					};
				};
			};
			buildConfigurationList = 7EA9188A22FC9F0F005A5E72 /* Build configuration list for PBXProject "Clean-iOS" */;
			compatibilityVersion = "Xcode 9.3";
			developmentRegion = en;
			hasScannedForEncodings = 0;
			knownRegions = (
				en,
				Base,
			);
			mainGroup = 7EA9188622FC9F0F005A5E72;
			productRefGroup = 7EA9189022FC9F0F005A5E72 /* Products */;
			projectDirPath = "";
			projectRoot = "";
			targets = (
				7EA9188E22FC9F0F005A5E72 /* Clean-iOS */,
				7EA918A222FC9F11005A5E72 /* Clean-iOSTests */,
			);
		};
/* End PBXProject section */

/* Begin PBXResourcesBuildPhase section */
		7EA9188D22FC9F0F005A5E72 /* Resources */ = {
			isa = PBXResourcesBuildPhase;
			buildActionMask = 2147483647;
			files = (
				7EA9189D22FC9F11005A5E72 /* LaunchScreen.storyboard in Resources */,
				7EA9189A22FC9F11005A5E72 /* Assets.xcassets in Resources */,
				7EA918D322FDB82C005A5E72 /* CompaniesViewController.xib in Resources */,
				7EA918DE2301B9FE005A5E72 /* MembersViewController.xib in Resources */,
				7EA9189822FC9F0F005A5E72 /* Main.storyboard in Resources */,
			);
			runOnlyForDeploymentPostprocessing = 0;
		};
		7EA918A122FC9F11005A5E72 /* Resources */ = {
			isa = PBXResourcesBuildPhase;
			buildActionMask = 2147483647;
			files = (
			);
			runOnlyForDeploymentPostprocessing = 0;
		};
/* End PBXResourcesBuildPhase section */

/* Begin PBXSourcesBuildPhase section */
		7EA9188B22FC9F0F005A5E72 /* Sources */ = {
			isa = PBXSourcesBuildPhase;
			buildActionMask = 2147483647;
			files = (
				7EA9189522FC9F0F005A5E72 /* ViewController.swift in Sources */,
				7EA9189322FC9F0F005A5E72 /* AppDelegate.swift in Sources */,
				7EA918B822FC9F7F005A5E72 /* Position.swift in Sources */,
				7EA918CC22FCD13E005A5E72 /* MemberService.swift in Sources */,
				7EA918D522FDE186005A5E72 /* CompaniesContracts.swift in Sources */,
				7EA918B922FC9F7F005A5E72 /* Company.swift in Sources */,
				7EA918D722FDE1C2005A5E72 /* CompaniesPresenter.swift in Sources */,
				7EA918DD2301B9FE005A5E72 /* MembersViewController.swift in Sources */,
				7EA918CE22FCD682005A5E72 /* DataProvider.swift in Sources */,
				7EA918E62301C170005A5E72 /* AppConfig.swift in Sources */,
				7EA918D222FDB82C005A5E72 /* CompaniesViewController.swift in Sources */,
				7EA918BE22FCC676005A5E72 /* UseCaseProvider.swift in Sources */,
				7EA918E22301BA66005A5E72 /* MembersPresenter.swift in Sources */,
				7EA918BA22FC9F7F005A5E72 /* Member.swift in Sources */,
				7EA918C022FCC6A2005A5E72 /* CompanyUseCase.swift in Sources */,
				7EA918E02301BA34005A5E72 /* MembersContracts.swift in Sources */,
				7EA918C522FCC7C9005A5E72 /* MemberUseCase.swift in Sources */,
				7EA918CA22FCCF55005A5E72 /* CompanyService.swift in Sources */,
			);
			runOnlyForDeploymentPostprocessing = 0;
		};
		7EA9189F22FC9F11005A5E72 /* Sources */ = {
			isa = PBXSourcesBuildPhase;
			buildActionMask = 2147483647;
			files = (
				7EA918A822FC9F11005A5E72 /* Clean_iOSTests.swift in Sources */,
			);
			runOnlyForDeploymentPostprocessing = 0;
		};
/* End PBXSourcesBuildPhase section */

/* Begin PBXTargetDependency section */
		7EA918A522FC9F11005A5E72 /* PBXTargetDependency */ = {
			isa = PBXTargetDependency;
			target = 7EA9188E22FC9F0F005A5E72 /* Clean-iOS */;
			targetProxy = 7EA918A422FC9F11005A5E72 /* PBXContainerItemProxy */;
		};
/* End PBXTargetDependency section */

/* Begin PBXVariantGroup section */
		7EA9189622FC9F0F005A5E72 /* Main.storyboard */ = {
			isa = PBXVariantGroup;
			children = (
				7EA9189722FC9F0F005A5E72 /* Base */,
			);
			name = Main.storyboard;
			sourceTree = "<group>";
		};
		7EA9189B22FC9F11005A5E72 /* LaunchScreen.storyboard */ = {
			isa = PBXVariantGroup;
			children = (
				7EA9189C22FC9F11005A5E72 /* Base */,
			);
			name = LaunchScreen.storyboard;
			sourceTree = "<group>";
		};
/* End PBXVariantGroup section */

/* Begin XCBuildConfiguration section */
		7EA918AA22FC9F11005A5E72 /* Debug */ = {
			isa = XCBuildConfiguration;
			buildSettings = {
				ALWAYS_SEARCH_USER_PATHS = NO;
				CLANG_ANALYZER_NONNULL = YES;
				CLANG_ANALYZER_NUMBER_OBJECT_CONVERSION = YES_AGGRESSIVE;
				CLANG_CXX_LANGUAGE_STANDARD = "gnu++14";
				CLANG_CXX_LIBRARY = "libc++";
				CLANG_ENABLE_MODULES = YES;
				CLANG_ENABLE_OBJC_ARC = YES;
				CLANG_ENABLE_OBJC_WEAK = YES;
				CLANG_WARN_BLOCK_CAPTURE_AUTORELEASING = YES;
				CLANG_WARN_BOOL_CONVERSION = YES;
				CLANG_WARN_COMMA = YES;
				CLANG_WARN_CONSTANT_CONVERSION = YES;
				CLANG_WARN_DEPRECATED_OBJC_IMPLEMENTATIONS = YES;
				CLANG_WARN_DIRECT_OBJC_ISA_USAGE = YES_ERROR;
				CLANG_WARN_DOCUMENTATION_COMMENTS = YES;
				CLANG_WARN_EMPTY_BODY = YES;
				CLANG_WARN_ENUM_CONVERSION = YES;
				CLANG_WARN_INFINITE_RECURSION = YES;
				CLANG_WARN_INT_CONVERSION = YES;
				CLANG_WARN_NON_LITERAL_NULL_CONVERSION = YES;
				CLANG_WARN_OBJC_IMPLICIT_RETAIN_SELF = YES;
				CLANG_WARN_OBJC_LITERAL_CONVERSION = YES;
				CLANG_WARN_OBJC_ROOT_CLASS = YES_ERROR;
				CLANG_WARN_RANGE_LOOP_ANALYSIS = YES;
				CLANG_WARN_STRICT_PROTOTYPES = YES;
				CLANG_WARN_SUSPICIOUS_MOVE = YES;
				CLANG_WARN_UNGUARDED_AVAILABILITY = YES_AGGRESSIVE;
				CLANG_WARN_UNREACHABLE_CODE = YES;
				CLANG_WARN__DUPLICATE_METHOD_MATCH = YES;
				CODE_SIGN_IDENTITY = "iPhone Developer";
				COPY_PHASE_STRIP = NO;
				DEBUG_INFORMATION_FORMAT = dwarf;
				ENABLE_STRICT_OBJC_MSGSEND = YES;
				ENABLE_TESTABILITY = YES;
				GCC_C_LANGUAGE_STANDARD = gnu11;
				GCC_DYNAMIC_NO_PIC = NO;
				GCC_NO_COMMON_BLOCKS = YES;
				GCC_OPTIMIZATION_LEVEL = 0;
				GCC_PREPROCESSOR_DEFINITIONS = (
					"DEBUG=1",
					"$(inherited)",
				);
				GCC_WARN_64_TO_32_BIT_CONVERSION = YES;
				GCC_WARN_ABOUT_RETURN_TYPE = YES_ERROR;
				GCC_WARN_UNDECLARED_SELECTOR = YES;
				GCC_WARN_UNINITIALIZED_AUTOS = YES_AGGRESSIVE;
				GCC_WARN_UNUSED_FUNCTION = YES;
				GCC_WARN_UNUSED_VARIABLE = YES;
				IPHONEOS_DEPLOYMENT_TARGET = 12.2;
				MTL_ENABLE_DEBUG_INFO = INCLUDE_SOURCE;
				MTL_FAST_MATH = YES;
				ONLY_ACTIVE_ARCH = YES;
				SDKROOT = iphoneos;
				SWIFT_ACTIVE_COMPILATION_CONDITIONS = DEBUG;
				SWIFT_OPTIMIZATION_LEVEL = "-Onone";
			};
			name = Debug;
		};
		7EA918AB22FC9F11005A5E72 /* Release */ = {
			isa = XCBuildConfiguration;
			buildSettings = {
				ALWAYS_SEARCH_USER_PATHS = NO;
				CLANG_ANALYZER_NONNULL = YES;
				CLANG_ANALYZER_NUMBER_OBJECT_CONVERSION = YES_AGGRESSIVE;
				CLANG_CXX_LANGUAGE_STANDARD = "gnu++14";
				CLANG_CXX_LIBRARY = "libc++";
				CLANG_ENABLE_MODULES = YES;
				CLANG_ENABLE_OBJC_ARC = YES;
				CLANG_ENABLE_OBJC_WEAK = YES;
				CLANG_WARN_BLOCK_CAPTURE_AUTORELEASING = YES;
				CLANG_WARN_BOOL_CONVERSION = YES;
				CLANG_WARN_COMMA = YES;
				CLANG_WARN_CONSTANT_CONVERSION = YES;
				CLANG_WARN_DEPRECATED_OBJC_IMPLEMENTATIONS = YES;
				CLANG_WARN_DIRECT_OBJC_ISA_USAGE = YES_ERROR;
				CLANG_WARN_DOCUMENTATION_COMMENTS = YES;
				CLANG_WARN_EMPTY_BODY = YES;
				CLANG_WARN_ENUM_CONVERSION = YES;
				CLANG_WARN_INFINITE_RECURSION = YES;
				CLANG_WARN_INT_CONVERSION = YES;
				CLANG_WARN_NON_LITERAL_NULL_CONVERSION = YES;
				CLANG_WARN_OBJC_IMPLICIT_RETAIN_SELF = YES;
				CLANG_WARN_OBJC_LITERAL_CONVERSION = YES;
				CLANG_WARN_OBJC_ROOT_CLASS = YES_ERROR;
				CLANG_WARN_RANGE_LOOP_ANALYSIS = YES;
				CLANG_WARN_STRICT_PROTOTYPES = YES;
				CLANG_WARN_SUSPICIOUS_MOVE = YES;
				CLANG_WARN_UNGUARDED_AVAILABILITY = YES_AGGRESSIVE;
				CLANG_WARN_UNREACHABLE_CODE = YES;
				CLANG_WARN__DUPLICATE_METHOD_MATCH = YES;
				CODE_SIGN_IDENTITY = "iPhone Developer";
				COPY_PHASE_STRIP = NO;
				DEBUG_INFORMATION_FORMAT = "dwarf-with-dsym";
				ENABLE_NS_ASSERTIONS = NO;
				ENABLE_STRICT_OBJC_MSGSEND = YES;
				GCC_C_LANGUAGE_STANDARD = gnu11;
				GCC_NO_COMMON_BLOCKS = YES;
				GCC_WARN_64_TO_32_BIT_CONVERSION = YES;
				GCC_WARN_ABOUT_RETURN_TYPE = YES_ERROR;
				GCC_WARN_UNDECLARED_SELECTOR = YES;
				GCC_WARN_UNINITIALIZED_AUTOS = YES_AGGRESSIVE;
				GCC_WARN_UNUSED_FUNCTION = YES;
				GCC_WARN_UNUSED_VARIABLE = YES;
				IPHONEOS_DEPLOYMENT_TARGET = 12.2;
				MTL_ENABLE_DEBUG_INFO = NO;
				MTL_FAST_MATH = YES;
				SDKROOT = iphoneos;
				SWIFT_COMPILATION_MODE = wholemodule;
				SWIFT_OPTIMIZATION_LEVEL = "-O";
				VALIDATE_PRODUCT = YES;
			};
			name = Release;
		};
		7EA918AD22FC9F11005A5E72 /* Debug */ = {
			isa = XCBuildConfiguration;
			buildSettings = {
				ASSETCATALOG_COMPILER_APPICON_NAME = AppIcon;
				CODE_SIGN_STYLE = Automatic;
				DEVELOPMENT_TEAM = "";
				FRAMEWORK_SEARCH_PATHS = (
					"$(inherited)",
					"$(PROJECT_DIR)/Carthage/Build/iOS",
				);
				INFOPLIST_FILE = "Clean-iOS/Info.plist";
				LD_RUNPATH_SEARCH_PATHS = (
					"$(inherited)",
					"@executable_path/Frameworks",
				);
				PRODUCT_BUNDLE_IDENTIFIER = "com.kevindelgadoj.Clean-iOS";
				PRODUCT_NAME = "$(TARGET_NAME)";
				SWIFT_VERSION = 5.0;
				TARGETED_DEVICE_FAMILY = "1,2";
			};
			name = Debug;
		};
		7EA918AE22FC9F11005A5E72 /* Release */ = {
			isa = XCBuildConfiguration;
			buildSettings = {
				ASSETCATALOG_COMPILER_APPICON_NAME = AppIcon;
				CODE_SIGN_STYLE = Automatic;
				DEVELOPMENT_TEAM = "";
				FRAMEWORK_SEARCH_PATHS = (
					"$(inherited)",
					"$(PROJECT_DIR)/Carthage/Build/iOS",
				);
				INFOPLIST_FILE = "Clean-iOS/Info.plist";
				LD_RUNPATH_SEARCH_PATHS = (
					"$(inherited)",
					"@executable_path/Frameworks",
				);
				PRODUCT_BUNDLE_IDENTIFIER = "com.kevindelgadoj.Clean-iOS";
				PRODUCT_NAME = "$(TARGET_NAME)";
				SWIFT_VERSION = 5.0;
				TARGETED_DEVICE_FAMILY = "1,2";
			};
			name = Release;
		};
		7EA918B022FC9F11005A5E72 /* Debug */ = {
			isa = XCBuildConfiguration;
			buildSettings = {
				ALWAYS_EMBED_SWIFT_STANDARD_LIBRARIES = YES;
				BUNDLE_LOADER = "$(TEST_HOST)";
				CODE_SIGN_STYLE = Automatic;
				DEVELOPMENT_TEAM = 8E3QL3Z33A;
				INFOPLIST_FILE = "Clean-iOSTests/Info.plist";
				LD_RUNPATH_SEARCH_PATHS = (
					"$(inherited)",
					"@executable_path/Frameworks",
					"@loader_path/Frameworks",
				);
				PRODUCT_BUNDLE_IDENTIFIER = "com.kevindelgadoj.Clean-iOSTests";
				PRODUCT_NAME = "$(TARGET_NAME)";
				SWIFT_VERSION = 5.0;
				TARGETED_DEVICE_FAMILY = "1,2";
				TEST_HOST = "$(BUILT_PRODUCTS_DIR)/Clean-iOS.app/Clean-iOS";
			};
			name = Debug;
		};
		7EA918B122FC9F11005A5E72 /* Release */ = {
			isa = XCBuildConfiguration;
			buildSettings = {
				ALWAYS_EMBED_SWIFT_STANDARD_LIBRARIES = YES;
				BUNDLE_LOADER = "$(TEST_HOST)";
				CODE_SIGN_STYLE = Automatic;
				DEVELOPMENT_TEAM = 8E3QL3Z33A;
				INFOPLIST_FILE = "Clean-iOSTests/Info.plist";
				LD_RUNPATH_SEARCH_PATHS = (
					"$(inherited)",
					"@executable_path/Frameworks",
					"@loader_path/Frameworks",
				);
				PRODUCT_BUNDLE_IDENTIFIER = "com.kevindelgadoj.Clean-iOSTests";
				PRODUCT_NAME = "$(TARGET_NAME)";
				SWIFT_VERSION = 5.0;
				TARGETED_DEVICE_FAMILY = "1,2";
				TEST_HOST = "$(BUILT_PRODUCTS_DIR)/Clean-iOS.app/Clean-iOS";
			};
			name = Release;
		};
/* End XCBuildConfiguration section */

/* Begin XCConfigurationList section */
		7EA9188A22FC9F0F005A5E72 /* Build configuration list for PBXProject "Clean-iOS" */ = {
			isa = XCConfigurationList;
			buildConfigurations = (
				7EA918AA22FC9F11005A5E72 /* Debug */,
				7EA918AB22FC9F11005A5E72 /* Release */,
			);
			defaultConfigurationIsVisible = 0;
			defaultConfigurationName = Release;
		};
		7EA918AC22FC9F11005A5E72 /* Build configuration list for PBXNativeTarget "Clean-iOS" */ = {
			isa = XCConfigurationList;
			buildConfigurations = (
				7EA918AD22FC9F11005A5E72 /* Debug */,
				7EA918AE22FC9F11005A5E72 /* Release */,
			);
			defaultConfigurationIsVisible = 0;
			defaultConfigurationName = Release;
		};
		7EA918AF22FC9F11005A5E72 /* Build configuration list for PBXNativeTarget "Clean-iOSTests" */ = {
			isa = XCConfigurationList;
			buildConfigurations = (
				7EA918B022FC9F11005A5E72 /* Debug */,
				7EA918B122FC9F11005A5E72 /* Release */,
			);
			defaultConfigurationIsVisible = 0;
			defaultConfigurationName = Release;
		};
/* End XCConfigurationList section */
	};
	rootObject = 7EA9188722FC9F0F005A5E72 /* Project object */;
}
